
Microsoft Visual Studio Solution File, Format Version 12.00
# Visual Studio Version 16
VisualStudioVersion = 16.0.29326.143
MinimumVisualStudioVersion = 10.0.40219.1
Project("{FAE04EC0-301F-11D3-BF4B-00C04F79EFBC}") = "CatalogAPI", "CatalogAPI\CatalogAPI.csproj", "{7FF76017-5EA0-4168-A3A3-CEA44B282693}"
EndProject
Global
	GlobalSection(SolutionConfigurationPlatforms) = preSolution
		Debug|Any CPU = Debug|Any CPU
		Release|Any CPU = Release|Any CPU
	EndGlobalSection
	GlobalSection(ProjectConfigurationPlatforms) = postSolution
		{7FF76017-5EA0-4168-A3A3-CEA44B282693}.Debug|Any CPU.ActiveCfg = Debug|Any CPU
		{7FF76017-5EA0-4168-A3A3-CEA44B282693}.Debug|Any CPU.Build.0 = Debug|Any CPU
		{7FF76017-5EA0-4168-A3A3-CEA44B282693}.Release|Any CPU.ActiveCfg = Release|Any CPU
		{7FF76017-5EA0-4168-A3A3-CEA44B282693}.Release|Any CPU.Build.0 = Release|Any CPU
	EndGlobalSection
	GlobalSection(SolutionProperties) = preSolution
		HideSolutionNode = FALSE
	EndGlobalSection
	GlobalSection(ExtensibilityGlobals) = postSolution
		SolutionGuid = {621EDC7D-9DD0-4F80-B517-A2DE33120CFC}
	EndGlobalSection
EndGlobal
